
Microsoft Visual Studio Solution File, Format Version 12.00
# Visual Studio Version 16
VisualStudioVersion = 16.0.30104.148
MinimumVisualStudioVersion = 10.0.40219.1
Project("{FAE04EC0-301F-11D3-BF4B-00C04F79EFBC}") = "Array_1", "Array_1\Array_1.csproj", "{FC190495-9520-418F-949A-59BC144E7A0A}"
EndProject
Project("{FAE04EC0-301F-11D3-BF4B-00C04F79EFBC}") = "Array_2", "Array_2\Array_2.csproj", "{0881BE38-27A3-4991-A14F-8C978DA05941}"
EndProject
Global
	GlobalSection(SolutionConfigurationPlatforms) = preSolution
		Debug|Any CPU = Debug|Any CPU
		Release|Any CPU = Release|Any CPU
	EndGlobalSection
	GlobalSection(ProjectConfigurationPlatforms) = postSolution
		{FC190495-9520-418F-949A-59BC144E7A0A}.Debug|Any CPU.ActiveCfg = Debug|Any CPU
		{FC190495-9520-418F-949A-59BC144E7A0A}.Debug|Any CPU.Build.0 = Debug|Any CPU
		{FC190495-9520-418F-949A-59BC144E7A0A}.Release|Any CPU.ActiveCfg = Release|Any CPU
		{FC190495-9520-418F-949A-59BC144E7A0A}.Release|Any CPU.Build.0 = Release|Any CPU
		{0881BE38-27A3-4991-A14F-8C978DA05941}.Debug|Any CPU.ActiveCfg = Debug|Any CPU
		{0881BE38-27A3-4991-A14F-8C978DA05941}.Debug|Any CPU.Build.0 = Debug|Any CPU
		{0881BE38-27A3-4991-A14F-8C978DA05941}.Release|Any CPU.ActiveCfg = Release|Any CPU
		{0881BE38-27A3-4991-A14F-8C978DA05941}.Release|Any CPU.Build.0 = Release|Any CPU
	EndGlobalSection
	GlobalSection(SolutionProperties) = preSolution
		HideSolutionNode = FALSE
	EndGlobalSection
	GlobalSection(ExtensibilityGlobals) = postSolution
		SolutionGuid = {A9F2ABD7-D29D-4B40-825C-D7073D010D81}
	EndGlobalSection
EndGlobal
