
Microsoft Visual Studio Solution File, Format Version 12.00
# Visual Studio Version 16
VisualStudioVersion = 16.0.30104.148
MinimumVisualStudioVersion = 10.0.40219.1
Project("{9A19103F-16F7-4668-BE54-9A1E7A4F7556}") = "Function_1", "Function_1\Function_1.csproj", "{65045DD2-C6AC-4E30-A248-ADDCD2EAB512}"
EndProject
Project("{9A19103F-16F7-4668-BE54-9A1E7A4F7556}") = "Function_2", "Function_2\Function_2.csproj", "{DB637B14-A1C7-47BE-A68C-BB444AB4A181}"
EndProject
Project("{9A19103F-16F7-4668-BE54-9A1E7A4F7556}") = "Function_01", "Function_01\Function_01.csproj", "{1E02B5F1-73D7-470E-A98A-19D75167EE59}"
EndProject
Project("{9A19103F-16F7-4668-BE54-9A1E7A4F7556}") = "Function_02", "Function_02\Function_02.csproj", "{24EE53C9-E431-4100-BA45-E749B3F8E948}"
EndProject
Project("{9A19103F-16F7-4668-BE54-9A1E7A4F7556}") = "Function_03", "Function_03\Function_03.csproj", "{4510CF64-4DB4-4898-97E0-324530A36A45}"
EndProject
Project("{9A19103F-16F7-4668-BE54-9A1E7A4F7556}") = "Function_04", "Function_04\Function_04.csproj", "{BD57D1A3-8F57-4B9D-97D0-B890C0F20AAF}"
EndProject
Project("{9A19103F-16F7-4668-BE54-9A1E7A4F7556}") = "Function_05", "Function_05\Function_05.csproj", "{C48D801B-95D6-4A51-B09C-EB9742BA4918}"
EndProject
Project("{9A19103F-16F7-4668-BE54-9A1E7A4F7556}") = "Function_06", "Function_06\Function_06.csproj", "{F19440CB-9359-47B0-9426-A6D371B4820F}"
EndProject
Project("{9A19103F-16F7-4668-BE54-9A1E7A4F7556}") = "Function_07", "Function_07\Function_07.csproj", "{BD8B921C-3640-4638-AE9B-E94B6C0D8E37}"
EndProject
Project("{9A19103F-16F7-4668-BE54-9A1E7A4F7556}") = "Function_08", "Function_08\Function_08.csproj", "{11769858-7F4D-471D-9D51-038E69CA6EF5}"
EndProject
Project("{9A19103F-16F7-4668-BE54-9A1E7A4F7556}") = "Function_09", "Function_09\Function_09.csproj", "{6F04B9B4-B3F1-44C3-97A1-C9F3375C8C7D}"
EndProject
Project("{9A19103F-16F7-4668-BE54-9A1E7A4F7556}") = "Function_09a", "Function_09a\Function_09a.csproj", "{4B764465-27BC-4CED-9DCD-78B655257254}"
EndProject
Project("{FAE04EC0-301F-11D3-BF4B-00C04F79EFBC}") = "Function_3", "Function_3\Function_3.csproj", "{00BD2749-D1A9-44F1-A46B-B7E5CA543B35}"
EndProject
Global
	GlobalSection(SolutionConfigurationPlatforms) = preSolution
		Debug|Any CPU = Debug|Any CPU
		Release|Any CPU = Release|Any CPU
	EndGlobalSection
	GlobalSection(ProjectConfigurationPlatforms) = postSolution
		{65045DD2-C6AC-4E30-A248-ADDCD2EAB512}.Debug|Any CPU.ActiveCfg = Debug|Any CPU
		{65045DD2-C6AC-4E30-A248-ADDCD2EAB512}.Debug|Any CPU.Build.0 = Debug|Any CPU
		{65045DD2-C6AC-4E30-A248-ADDCD2EAB512}.Release|Any CPU.ActiveCfg = Release|Any CPU
		{65045DD2-C6AC-4E30-A248-ADDCD2EAB512}.Release|Any CPU.Build.0 = Release|Any CPU
		{DB637B14-A1C7-47BE-A68C-BB444AB4A181}.Debug|Any CPU.ActiveCfg = Debug|Any CPU
		{DB637B14-A1C7-47BE-A68C-BB444AB4A181}.Debug|Any CPU.Build.0 = Debug|Any CPU
		{DB637B14-A1C7-47BE-A68C-BB444AB4A181}.Release|Any CPU.ActiveCfg = Release|Any CPU
		{DB637B14-A1C7-47BE-A68C-BB444AB4A181}.Release|Any CPU.Build.0 = Release|Any CPU
		{1E02B5F1-73D7-470E-A98A-19D75167EE59}.Debug|Any CPU.ActiveCfg = Debug|Any CPU
		{1E02B5F1-73D7-470E-A98A-19D75167EE59}.Debug|Any CPU.Build.0 = Debug|Any CPU
		{1E02B5F1-73D7-470E-A98A-19D75167EE59}.Release|Any CPU.ActiveCfg = Release|Any CPU
		{1E02B5F1-73D7-470E-A98A-19D75167EE59}.Release|Any CPU.Build.0 = Release|Any CPU
		{24EE53C9-E431-4100-BA45-E749B3F8E948}.Debug|Any CPU.ActiveCfg = Debug|Any CPU
		{24EE53C9-E431-4100-BA45-E749B3F8E948}.Debug|Any CPU.Build.0 = Debug|Any CPU
		{24EE53C9-E431-4100-BA45-E749B3F8E948}.Release|Any CPU.ActiveCfg = Release|Any CPU
		{24EE53C9-E431-4100-BA45-E749B3F8E948}.Release|Any CPU.Build.0 = Release|Any CPU
		{4510CF64-4DB4-4898-97E0-324530A36A45}.Debug|Any CPU.ActiveCfg = Debug|Any CPU
		{4510CF64-4DB4-4898-97E0-324530A36A45}.Debug|Any CPU.Build.0 = Debug|Any CPU
		{4510CF64-4DB4-4898-97E0-324530A36A45}.Release|Any CPU.ActiveCfg = Release|Any CPU
		{4510CF64-4DB4-4898-97E0-324530A36A45}.Release|Any CPU.Build.0 = Release|Any CPU
		{BD57D1A3-8F57-4B9D-97D0-B890C0F20AAF}.Debug|Any CPU.ActiveCfg = Debug|Any CPU
		{BD57D1A3-8F57-4B9D-97D0-B890C0F20AAF}.Debug|Any CPU.Build.0 = Debug|Any CPU
		{BD57D1A3-8F57-4B9D-97D0-B890C0F20AAF}.Release|Any CPU.ActiveCfg = Release|Any CPU
		{BD57D1A3-8F57-4B9D-97D0-B890C0F20AAF}.Release|Any CPU.Build.0 = Release|Any CPU
		{C48D801B-95D6-4A51-B09C-EB9742BA4918}.Debug|Any CPU.ActiveCfg = Debug|Any CPU
		{C48D801B-95D6-4A51-B09C-EB9742BA4918}.Debug|Any CPU.Build.0 = Debug|Any CPU
		{C48D801B-95D6-4A51-B09C-EB9742BA4918}.Release|Any CPU.ActiveCfg = Release|Any CPU
		{C48D801B-95D6-4A51-B09C-EB9742BA4918}.Release|Any CPU.Build.0 = Release|Any CPU
		{F19440CB-9359-47B0-9426-A6D371B4820F}.Debug|Any CPU.ActiveCfg = Debug|Any CPU
		{F19440CB-9359-47B0-9426-A6D371B4820F}.Debug|Any CPU.Build.0 = Debug|Any CPU
		{F19440CB-9359-47B0-9426-A6D371B4820F}.Release|Any CPU.ActiveCfg = Release|Any CPU
		{F19440CB-9359-47B0-9426-A6D371B4820F}.Release|Any CPU.Build.0 = Release|Any CPU
		{BD8B921C-3640-4638-AE9B-E94B6C0D8E37}.Debug|Any CPU.ActiveCfg = Debug|Any CPU
		{BD8B921C-3640-4638-AE9B-E94B6C0D8E37}.Debug|Any CPU.Build.0 = Debug|Any CPU
		{BD8B921C-3640-4638-AE9B-E94B6C0D8E37}.Release|Any CPU.ActiveCfg = Release|Any CPU
		{BD8B921C-3640-4638-AE9B-E94B6C0D8E37}.Release|Any CPU.Build.0 = Release|Any CPU
		{11769858-7F4D-471D-9D51-038E69CA6EF5}.Debug|Any CPU.ActiveCfg = Debug|Any CPU
		{11769858-7F4D-471D-9D51-038E69CA6EF5}.Debug|Any CPU.Build.0 = Debug|Any CPU
		{11769858-7F4D-471D-9D51-038E69CA6EF5}.Release|Any CPU.ActiveCfg = Release|Any CPU
		{11769858-7F4D-471D-9D51-038E69CA6EF5}.Release|Any CPU.Build.0 = Release|Any CPU
		{6F04B9B4-B3F1-44C3-97A1-C9F3375C8C7D}.Debug|Any CPU.ActiveCfg = Debug|Any CPU
		{6F04B9B4-B3F1-44C3-97A1-C9F3375C8C7D}.Debug|Any CPU.Build.0 = Debug|Any CPU
		{6F04B9B4-B3F1-44C3-97A1-C9F3375C8C7D}.Release|Any CPU.ActiveCfg = Release|Any CPU
		{6F04B9B4-B3F1-44C3-97A1-C9F3375C8C7D}.Release|Any CPU.Build.0 = Release|Any CPU
		{4B764465-27BC-4CED-9DCD-78B655257254}.Debug|Any CPU.ActiveCfg = Debug|Any CPU
		{4B764465-27BC-4CED-9DCD-78B655257254}.Debug|Any CPU.Build.0 = Debug|Any CPU
		{4B764465-27BC-4CED-9DCD-78B655257254}.Release|Any CPU.ActiveCfg = Release|Any CPU
		{4B764465-27BC-4CED-9DCD-78B655257254}.Release|Any CPU.Build.0 = Release|Any CPU
		{00BD2749-D1A9-44F1-A46B-B7E5CA543B35}.Debug|Any CPU.ActiveCfg = Debug|Any CPU
		{00BD2749-D1A9-44F1-A46B-B7E5CA543B35}.Debug|Any CPU.Build.0 = Debug|Any CPU
		{00BD2749-D1A9-44F1-A46B-B7E5CA543B35}.Release|Any CPU.ActiveCfg = Release|Any CPU
		{00BD2749-D1A9-44F1-A46B-B7E5CA543B35}.Release|Any CPU.Build.0 = Release|Any CPU
	EndGlobalSection
	GlobalSection(SolutionProperties) = preSolution
		HideSolutionNode = FALSE
	EndGlobalSection
	GlobalSection(ExtensibilityGlobals) = postSolution
		SolutionGuid = {BA8E3F58-2AC8-4ACC-9AE0-56F804D2397B}
	EndGlobalSection
EndGlobal
