
Microsoft Visual Studio Solution File, Format Version 12.00
# Visual Studio Version 16
VisualStudioVersion = 16.0.30104.148
MinimumVisualStudioVersion = 10.0.40219.1
Project("{FAE04EC0-301F-11D3-BF4B-00C04F79EFBC}") = "Function_1", "Function_1\Function_1.csproj", "{65045DD2-C6AC-4E30-A248-ADDCD2EAB512}"
EndProject
Project("{FAE04EC0-301F-11D3-BF4B-00C04F79EFBC}") = "Function_2", "Function_2\Function_2.csproj", "{DB637B14-A1C7-47BE-A68C-BB444AB4A181}"
EndProject
Project("{FAE04EC0-301F-11D3-BF4B-00C04F79EFBC}") = "Function_01", "Function_01\Function_01.csproj", "{1E02B5F1-73D7-470E-A98A-19D75167EE59}"
EndProject
Project("{FAE04EC0-301F-11D3-BF4B-00C04F79EFBC}") = "Function_02", "Function_02\Function_02.csproj", "{24EE53C9-E431-4100-BA45-E749B3F8E948}"
EndProject
Project("{FAE04EC0-301F-11D3-BF4B-00C04F79EFBC}") = "Function_03", "Function_03\Function_03.csproj", "{4510CF64-4DB4-4898-97E0-324530A36A45}"
EndProject
Global
	GlobalSection(SolutionConfigurationPlatforms) = preSolution
		Debug|Any CPU = Debug|Any CPU
		Release|Any CPU = Release|Any CPU
	EndGlobalSection
	GlobalSection(ProjectConfigurationPlatforms) = postSolution
		{65045DD2-C6AC-4E30-A248-ADDCD2EAB512}.Debug|Any CPU.ActiveCfg = Debug|Any CPU
		{65045DD2-C6AC-4E30-A248-ADDCD2EAB512}.Debug|Any CPU.Build.0 = Debug|Any CPU
		{65045DD2-C6AC-4E30-A248-ADDCD2EAB512}.Release|Any CPU.ActiveCfg = Release|Any CPU
		{65045DD2-C6AC-4E30-A248-ADDCD2EAB512}.Release|Any CPU.Build.0 = Release|Any CPU
		{DB637B14-A1C7-47BE-A68C-BB444AB4A181}.Debug|Any CPU.ActiveCfg = Debug|Any CPU
		{DB637B14-A1C7-47BE-A68C-BB444AB4A181}.Debug|Any CPU.Build.0 = Debug|Any CPU
		{DB637B14-A1C7-47BE-A68C-BB444AB4A181}.Release|Any CPU.ActiveCfg = Release|Any CPU
		{DB637B14-A1C7-47BE-A68C-BB444AB4A181}.Release|Any CPU.Build.0 = Release|Any CPU
		{1E02B5F1-73D7-470E-A98A-19D75167EE59}.Debug|Any CPU.ActiveCfg = Debug|Any CPU
		{1E02B5F1-73D7-470E-A98A-19D75167EE59}.Debug|Any CPU.Build.0 = Debug|Any CPU
		{1E02B5F1-73D7-470E-A98A-19D75167EE59}.Release|Any CPU.ActiveCfg = Release|Any CPU
		{1E02B5F1-73D7-470E-A98A-19D75167EE59}.Release|Any CPU.Build.0 = Release|Any CPU
		{24EE53C9-E431-4100-BA45-E749B3F8E948}.Debug|Any CPU.ActiveCfg = Debug|Any CPU
		{24EE53C9-E431-4100-BA45-E749B3F8E948}.Debug|Any CPU.Build.0 = Debug|Any CPU
		{24EE53C9-E431-4100-BA45-E749B3F8E948}.Release|Any CPU.ActiveCfg = Release|Any CPU
		{24EE53C9-E431-4100-BA45-E749B3F8E948}.Release|Any CPU.Build.0 = Release|Any CPU
		{4510CF64-4DB4-4898-97E0-324530A36A45}.Debug|Any CPU.ActiveCfg = Debug|Any CPU
		{4510CF64-4DB4-4898-97E0-324530A36A45}.Debug|Any CPU.Build.0 = Debug|Any CPU
		{4510CF64-4DB4-4898-97E0-324530A36A45}.Release|Any CPU.ActiveCfg = Release|Any CPU
		{4510CF64-4DB4-4898-97E0-324530A36A45}.Release|Any CPU.Build.0 = Release|Any CPU
	EndGlobalSection
	GlobalSection(SolutionProperties) = preSolution
		HideSolutionNode = FALSE
	EndGlobalSection
	GlobalSection(ExtensibilityGlobals) = postSolution
		SolutionGuid = {BA8E3F58-2AC8-4ACC-9AE0-56F804D2397B}
	EndGlobalSection
EndGlobal
